PODS:
  - Alamofire (5.1.0)
  - AlamofireNetworkActivityIndicator (3.1.0):
    - Alamofire (~> 5.1)
  - Cartography (4.0.0)
  - Differentiator (4.0.1)
  - Hero (1.5.0)
  - Hue (5.0.0)
  - Keys (1.0.1)
  - Kingfisher (5.13.4):
    - Kingfisher/Core (= 5.13.4)
  - Kingfisher/Core (5.13.4)
  - Moya/Core (14.0.0):
    - Alamofire (~> 5.0)
  - Moya/RxSwift (14.0.0):
    - Moya/Core
    - RxSwift (~> 5.0)
  - Reusable (4.1.1):
    - Reusable/Storyboard (= 4.1.1)
    - Reusable/View (= 4.1.1)
  - Reusable/Storyboard (4.1.1)
  - Reusable/View (4.1.1)
  - Reveal-SDK (24)
  - RxCocoa (5.1.1):
    - RxRelay (~> 5)
    - RxSwift (~> 5)
  - RxDataSources (4.0.1):
    - Differentiator (~> 4.0)
    - RxCocoa (~> 5.0)
    - RxSwift (~> 5.0)
  - RxOptional (4.1.0):
    - RxCocoa (~> 5)
    - RxSwift (~> 5)
  - RxRelay (5.1.1):
    - RxSwift (~> 5)
  - RxSwift (5.1.1)
  - SwiftIconFont (3.0.0)
  - SwiftLint (0.39.2)
  - SwiftMessages (7.0.1):
    - SwiftMessages/App (= 7.0.1)
  - SwiftMessages/App (7.0.1)

DEPENDENCIES:
  - AlamofireNetworkActivityIndicator
  - Cartography
  - Hero
  - Hue
  - Keys (from `Pods/CocoaPodsKeys`)
  - Kingfisher
  - Moya/RxSwift
  - Reusable
  - Reveal-SDK
  - RxCocoa
  - RxDataSources
  - RxOptional
  - RxSwift
  - SwiftIconFont
  - SwiftLint
  - SwiftMessages

SPEC REPOS:
  trunk:
    - Alamofire
    - AlamofireNetworkActivityIndicator
    - Cartography
    - Differentiator
    - Hero
    - Hue
    - Kingfisher
    - Moya
    - Reusable
    - Reveal-SDK
    - RxCocoa
    - RxDataSources
    - RxOptional
    - RxRelay
    - RxSwift
    - SwiftIconFont
    - SwiftLint
    - SwiftMessages

EXTERNAL SOURCES:
  Keys:
    :path: Pods/CocoaPodsKeys

SPEC CHECKSUMS:
  Alamofire: 9d5c5f602928e512395b30950c5984eca840093c
  AlamofireNetworkActivityIndicator: 6564782bd7b9e6c430ae67d9277af01907b01ca4
  Cartography: c5626d29056b20f1e95c017326ee4df57cc39ad8
  Differentiator: 886080237d9f87f322641dedbc5be257061b0602
  Hero: b7385b75e7259da62f4f85462f59a5082d66b058
  Hue: c129cb67be7d093a82bbbc30ce8a96757bf6f37a
  Keys: a576f4c9c1c641ca913a959a9c62ed3f215a8de9
  Kingfisher: d2279a7abece3c7f25a80cd2b7f363ca5cf3f44c
  Moya: 5b45dacb75adb009f97fde91c204c1e565d31916
  Reusable: 53a9acf5c536f229b31b5865782414b508252ddb
  Reveal-SDK: 5d7e56b8f018c0a88b3a2c10bf68d598bbd3b071
  RxCocoa: 32065309a38d29b5b0db858819b5bf9ef038b601
  RxDataSources: efee07fa4de48477eca0a4611e6d11e2da9c1114
  RxOptional: b1fcd60856807a564c0215c2184b8d33e7826dc2
  RxRelay: d77f7d771495f43c556cbc43eebd1bb54d01e8e9
  RxSwift: 81470a2074fa8780320ea5fe4102807cb7118178
  SwiftIconFont: 2ba18554a77c44948dc35b561b344e3c23834a84
  SwiftLint: 22ccbbe3b8008684be5955693bab135e0ed6a447
  SwiftMessages: b577dc7043be8b299857ab35bb663dbff6483bd0

PODFILE CHECKSUM: f6a33b08ca5b4c1fea47f8f5c49abeb48f997a6d

COCOAPODS: 1.9.1
