PODS:
  - Alamofire (4.8.1)
  - AlamofireNetworkActivityIndicator (2.3.0):
    - Alamofire (~> 4.7)
  - Cartography (3.1.0)
  - Differentiator (3.1.0)
  - Hero (1.4.0)
  - Hue (4.0.0)
  - Kingfisher (5.1.0)
  - Moya/Core (12.0.1):
    - Alamofire (~> 4.1)
    - Result (~> 4.0)
  - Moya/RxSwift (12.0.1):
    - Moya/Core
    - RxSwift (~> 4.0)
  - Result (4.1.0)
  - Reusable (4.0.5):
    - Reusable/Storyboard (= 4.0.5)
    - Reusable/View (= 4.0.5)
  - Reusable/Storyboard (4.0.5)
  - Reusable/View (4.0.5)
  - Reveal-SDK (20)
  - RxAtomic (4.4.1)
  - RxCocoa (4.4.1):
    - RxSwift (~> 4.0)
  - RxDataSources (3.1.0):
    - Differentiator (~> 3.0)
    - RxCocoa (~> 4.0)
    - RxSwift (~> 4.0)
  - RxSwift (4.4.1):
    - RxAtomic (~> 4.4)
  - SwiftIconFont (3.0.0)
  - SwiftLint (0.30.1)
  - SwiftMessages (6.0.2):
    - SwiftMessages/App (= 6.0.2)
  - SwiftMessages/App (6.0.2)

DEPENDENCIES:
  - AlamofireNetworkActivityIndicator
  - Cartography
  - Hero
  - Hue
  - Kingfisher
  - Moya/RxSwift
  - Reusable
  - Reveal-SDK
  - RxCocoa
  - RxDataSources
  - RxSwift
  - SwiftIconFont
  - SwiftLint
  - SwiftMessages

SPEC REPOS:
  https://github.com/cocoapods/specs.git:
    - Alamofire
    - AlamofireNetworkActivityIndicator
    - Cartography
    - Differentiator
    - Hero
    - Hue
    - Kingfisher
    - Moya
    - Result
    - Reusable
    - Reveal-SDK
    - RxAtomic
    - RxCocoa
    - RxDataSources
    - RxSwift
    - SwiftIconFont
    - SwiftLint
    - SwiftMessages

SPEC CHECKSUMS:
  Alamofire: 16ce2c353fb72865124ddae8a57c5942388f4f11
  AlamofireNetworkActivityIndicator: 18346ff6d770d9513d0ac6f2d99706f40f93dbaa
  Cartography: 1988b7578871a56c036e7af17195cb2190edf18c
  Differentiator: be49ca3408f0ecfc761e4c7763d20c62be01b9ad
  Hero: bac92350d7201a1a940003e0767c7b52ce7c99a1
  Hue: afe18b4e819e2848e7d2d5b4b33f4d3f88dd921b
  Kingfisher: fcec238063d17404fca89bf0a850583211c4cbf6
  Moya: cf730b3cd9e005401ef37a85143aa141a12fd38f
  Result: bd966fac789cc6c1563440b348ab2598cc24d5c7
  Reusable: 188be1a54ac0691bc66e5bb24ec6eb91971b315b
  Reveal-SDK: 43206a57f575632fd304e85385cc259b5d359e32
  RxAtomic: f8d6adc1ccb87a767811269e4875887bc74dbf19
  RxCocoa: 2f35a76bf8887872e28a1914112395b11b8e0e64
  RxDataSources: a843bad90c29817f5923ec8163f4af2de084ceb3
  RxSwift: 92fcf68dfef21f3e2ab1965363d9e7b3d787597e
  SwiftIconFont: 2ba18554a77c44948dc35b561b344e3c23834a84
  SwiftLint: a54bf1fe12b55c68560eb2a7689dfc81458508f7
  SwiftMessages: 8b3cc68dba2f1c91aac1a74c90b10287aac35371

PODFILE CHECKSUM: 9666a3272b4cdc586f46e9b6758b4ca721bf1674

COCOAPODS: 1.5.3
