// !$*UTF8*$!
{
	archiveVersion = 1;
	classes = {
	};
	objectVersion = 48;
	objects = {

/* Begin PBXBuildFile section */
		8D9EB1441FD711BD0097A535 /* AppDelegate.swift in Sources */ = {isa = PBXBuildFile; fileRef = 8D9EB1431FD711BD0097A535 /* AppDelegate.swift */; };
		8D9EB1461FD711BD0097A535 /* ViewController.swift in Sources */ = {isa = PBXBuildFile; fileRef = 8D9EB1451FD711BD0097A535 /* ViewController.swift */; };
		8D9EB1491FD711BD0097A535 /* Main.storyboard in Resources */ = {isa = PBXBuildFile; fileRef = 8D9EB1471FD711BD0097A535 /* Main.storyboard */; };
		8D9EB14B1FD711BD0097A535 /* Assets.xcassets in Resources */ = {isa = PBXBuildFile; fileRef = 8D9EB14A1FD711BD0097A535 /* Assets.xcassets */; };
		8D9EB14E1FD711BD0097A535 /* LaunchScreen.storyboard in Resources */ = {isa = PBXBuildFile; fileRef = 8D9EB14C1FD711BD0097A535 /* LaunchScreen.storyboard */; };
		8D9EB1591FD711BD0097A535 /* BackgrounderTests.swift in Sources */ = {isa = PBXBuildFile; fileRef = 8D9EB1581FD711BD0097A535 /* BackgrounderTests.swift */; };
/* End PBXBuildFile section */

/* Begin PBXContainerItemProxy section */
		8D9EB1551FD711BD0097A535 /* PBXContainerItemProxy */ = {
			isa = PBXContainerItemProxy;
			containerPortal = 8D9EB1381FD711BD0097A535 /* Project object */;
			proxyType = 1;
			remoteGlobalIDString = 8D9EB13F1FD711BD0097A535;
			remoteInfo = Backgrounder;
		};
/* End PBXContainerItemProxy section */

/* Begin PBXFileReference section */
		8D9EB1401FD711BD0097A535 /* Backgrounder.app */ = {isa = PBXFileReference; explicitFileType = wrapper.application; includeInIndex = 0; path = Backgrounder.app; sourceTree = BUILT_PRODUCTS_DIR; };
		8D9EB1431FD711BD0097A535 /* AppDelegate.swift */ = {isa = PBXFileReference; lastKnownFileType = sourcecode.swift; path = AppDelegate.swift; sourceTree = "<group>"; };
		8D9EB1451FD711BD0097A535 /* ViewController.swift */ = {isa = PBXFileReference; lastKnownFileType = sourcecode.swift; path = ViewController.swift; sourceTree = "<group>"; };
		8D9EB1481FD711BD0097A535 /* Base */ = {isa = PBXFileReference; lastKnownFileType = file.storyboard; name = Base; path = Base.lproj/Main.storyboard; sourceTree = "<group>"; };
		8D9EB14A1FD711BD0097A535 /* Assets.xcassets */ = {isa = PBXFileReference; lastKnownFileType = folder.assetcatalog; path = Assets.xcassets; sourceTree = "<group>"; };
		8D9EB14D1FD711BD0097A535 /* Base */ = {isa = PBXFileReference; lastKnownFileType = file.storyboard; name = Base; path = Base.lproj/LaunchScreen.storyboard; sourceTree = "<group>"; };
		8D9EB14F1FD711BD0097A535 /* Info.plist */ = {isa = PBXFileReference; lastKnownFileType = text.plist.xml; path = Info.plist; sourceTree = "<group>"; };
		8D9EB1541FD711BD0097A535 /* BackgrounderTests.xctest */ = {isa = PBXFileReference; explicitFileType = wrapper.cfbundle; includeInIndex = 0; path = BackgrounderTests.xctest; sourceTree = BUILT_PRODUCTS_DIR; };
		8D9EB1581FD711BD0097A535 /* BackgrounderTests.swift */ = {isa = PBXFileReference; lastKnownFileType = sourcecode.swift; path = BackgrounderTests.swift; sourceTree = "<group>"; };
		8D9EB15A1FD711BD0097A535 /* Info.plist */ = {isa = PBXFileReference; lastKnownFileType = text.plist.xml; path = Info.plist; sourceTree = "<group>"; };
/* End PBXFileReference section */

/* Begin PBXFrameworksBuildPhase section */
		8D9EB13D1FD711BD0097A535 /* Frameworks */ = {
			isa = PBXFrameworksBuildPhase;
			buildActionMask = 2147483647;
			files = (
			);
			runOnlyForDeploymentPostprocessing = 0;
		};
		8D9EB1511FD711BD0097A535 /* Frameworks */ = {
			isa = PBXFrameworksBuildPhase;
			buildActionMask = 2147483647;
			files = (
			);
			runOnlyForDeploymentPostprocessing = 0;
		};
/* End PBXFrameworksBuildPhase section */

/* Begin PBXGroup section */
		8D9EB1371FD711BD0097A535 = {
			isa = PBXGroup;
			children = (
				8D9EB1421FD711BD0097A535 /* Backgrounder */,
				8D9EB1571FD711BD0097A535 /* BackgrounderTests */,
				8D9EB1411FD711BD0097A535 /* Products */,
			);
			sourceTree = "<group>";
		};
		8D9EB1411FD711BD0097A535 /* Products */ = {
			isa = PBXGroup;
			children = (
				8D9EB1401FD711BD0097A535 /* Backgrounder.app */,
				8D9EB1541FD711BD0097A535 /* BackgrounderTests.xctest */,
			);
			name = Products;
			sourceTree = "<group>";
		};
		8D9EB1421FD711BD0097A535 /* Backgrounder */ = {
			isa = PBXGroup;
			children = (
				8D9EB1431FD711BD0097A535 /* AppDelegate.swift */,
				8D9EB1451FD711BD0097A535 /* ViewController.swift */,
				8D9EB1471FD711BD0097A535 /* Main.storyboard */,
				8D9EB14A1FD711BD0097A535 /* Assets.xcassets */,
				8D9EB14C1FD711BD0097A535 /* LaunchScreen.storyboard */,
				8D9EB14F1FD711BD0097A535 /* Info.plist */,
			);
			path = Backgrounder;
			sourceTree = "<group>";
		};
		8D9EB1571FD711BD0097A535 /* BackgrounderTests */ = {
			isa = PBXGroup;
			children = (
				8D9EB1581FD711BD0097A535 /* BackgrounderTests.swift */,
				8D9EB15A1FD711BD0097A535 /* Info.plist */,
			);
			path = BackgrounderTests;
			sourceTree = "<group>";
		};
/* End PBXGroup section */

/* Begin PBXNativeTarget section */
		8D9EB13F1FD711BD0097A535 /* Backgrounder */ = {
			isa = PBXNativeTarget;
			buildConfigurationList = 8D9EB15D1FD711BD0097A535 /* Build configuration list for PBXNativeTarget "Backgrounder" */;
			buildPhases = (
				8D9EB13C1FD711BD0097A535 /* Sources */,
				8D9EB13D1FD711BD0097A535 /* Frameworks */,
				8D9EB13E1FD711BD0097A535 /* Resources */,
			);
			buildRules = (
			);
			dependencies = (
			);
			name = Backgrounder;
			productName = Backgrounder;
			productReference = 8D9EB1401FD711BD0097A535 /* Backgrounder.app */;
			productType = "com.apple.product-type.application";
		};
		8D9EB1531FD711BD0097A535 /* BackgrounderTests */ = {
			isa = PBXNativeTarget;
			buildConfigurationList = 8D9EB1601FD711BD0097A535 /* Build configuration list for PBXNativeTarget "BackgrounderTests" */;
			buildPhases = (
				8D9EB1501FD711BD0097A535 /* Sources */,
				8D9EB1511FD711BD0097A535 /* Frameworks */,
				8D9EB1521FD711BD0097A535 /* Resources */,
			);
			buildRules = (
			);
			dependencies = (
				8D9EB1561FD711BD0097A535 /* PBXTargetDependency */,
			);
			name = BackgrounderTests;
			productName = BackgrounderTests;
			productReference = 8D9EB1541FD711BD0097A535 /* BackgrounderTests.xctest */;
			productType = "com.apple.product-type.bundle.unit-test";
		};
/* End PBXNativeTarget section */

/* Begin PBXProject section */
		8D9EB1381FD711BD0097A535 /* Project object */ = {
			isa = PBXProject;
			attributes = {
				LastSwiftUpdateCheck = 0920;
				LastUpgradeCheck = 0920;
				ORGANIZATIONNAME = "Alex Agapov";
				TargetAttributes = {
					8D9EB13F1FD711BD0097A535 = {
						CreatedOnToolsVersion = 9.2;
						ProvisioningStyle = Automatic;
					};
					8D9EB1531FD711BD0097A535 = {
						CreatedOnToolsVersion = 9.2;
						ProvisioningStyle = Automatic;
						TestTargetID = 8D9EB13F1FD711BD0097A535;
					};
				};
			};
			buildConfigurationList = 8D9EB13B1FD711BD0097A535 /* Build configuration list for PBXProject "Backgrounder" */;
			compatibilityVersion = "Xcode 8.0";
			developmentRegion = en;
			hasScannedForEncodings = 0;
			knownRegions = (
				en,
				Base,
			);
			mainGroup = 8D9EB1371FD711BD0097A535;
			productRefGroup = 8D9EB1411FD711BD0097A535 /* Products */;
			projectDirPath = "";
			projectRoot = "";
			targets = (
				8D9EB13F1FD711BD0097A535 /* Backgrounder */,
				8D9EB1531FD711BD0097A535 /* BackgrounderTests */,
			);
		};
/* End PBXProject section */

/* Begin PBXResourcesBuildPhase section */
		8D9EB13E1FD711BD0097A535 /* Resources */ = {
			isa = PBXResourcesBuildPhase;
			buildActionMask = 2147483647;
			files = (
				8D9EB14E1FD711BD0097A535 /* LaunchScreen.storyboard in Resources */,
				8D9EB14B1FD711BD0097A535 /* Assets.xcassets in Resources */,
				8D9EB1491FD711BD0097A535 /* Main.storyboard in Resources */,
			);
			runOnlyForDeploymentPostprocessing = 0;
		};
		8D9EB1521FD711BD0097A535 /* Resources */ = {
			isa = PBXResourcesBuildPhase;
			buildActionMask = 2147483647;
			files = (
			);
			runOnlyForDeploymentPostprocessing = 0;
		};
/* End PBXResourcesBuildPhase section */

/* Begin PBXSourcesBuildPhase section */
		8D9EB13C1FD711BD0097A535 /* Sources */ = {
			isa = PBXSourcesBuildPhase;
			buildActionMask = 2147483647;
			files = (
				8D9EB1461FD711BD0097A535 /* ViewController.swift in Sources */,
				8D9EB1441FD711BD0097A535 /* AppDelegate.swift in Sources */,
			);
			runOnlyForDeploymentPostprocessing = 0;
		};
		8D9EB1501FD711BD0097A535 /* Sources */ = {
			isa = PBXSourcesBuildPhase;
			buildActionMask = 2147483647;
			files = (
				8D9EB1591FD711BD0097A535 /* BackgrounderTests.swift in Sources */,
			);
			runOnlyForDeploymentPostprocessing = 0;
		};
/* End PBXSourcesBuildPhase section */

/* Begin PBXTargetDependency section */
		8D9EB1561FD711BD0097A535 /* PBXTargetDependency */ = {
			isa = PBXTargetDependency;
			target = 8D9EB13F1FD711BD0097A535 /* Backgrounder */;
			targetProxy = 8D9EB1551FD711BD0097A535 /* PBXContainerItemProxy */;
		};
/* End PBXTargetDependency section */

/* Begin PBXVariantGroup section */
		8D9EB1471FD711BD0097A535 /* Main.storyboard */ = {
			isa = PBXVariantGroup;
			children = (
				8D9EB1481FD711BD0097A535 /* Base */,
			);
			name = Main.storyboard;
			sourceTree = "<group>";
		};
		8D9EB14C1FD711BD0097A535 /* LaunchScreen.storyboard */ = {
			isa = PBXVariantGroup;
			children = (
				8D9EB14D1FD711BD0097A535 /* Base */,
			);
			name = LaunchScreen.storyboard;
			sourceTree = "<group>";
		};
/* End PBXVariantGroup section */

/* Begin XCBuildConfiguration section */
		8D9EB15B1FD711BD0097A535 /* Debug */ = {
			isa = XCBuildConfiguration;
			buildSettings = {
				ALWAYS_SEARCH_USER_PATHS = NO;
				CLANG_ANALYZER_NONNULL = YES;
				CLANG_ANALYZER_NUMBER_OBJECT_CONVERSION = YES_AGGRESSIVE;
				CLANG_CXX_LANGUAGE_STANDARD = "gnu++14";
				CLANG_CXX_LIBRARY = "libc++";
				CLANG_ENABLE_MODULES = YES;
				CLANG_ENABLE_OBJC_ARC = YES;
				CLANG_WARN_BLOCK_CAPTURE_AUTORELEASING = YES;
				CLANG_WARN_BOOL_CONVERSION = YES;
				CLANG_WARN_COMMA = YES;
				CLANG_WARN_CONSTANT_CONVERSION = YES;
				CLANG_WARN_DIRECT_OBJC_ISA_USAGE = YES_ERROR;
				CLANG_WARN_DOCUMENTATION_COMMENTS = YES;
				CLANG_WARN_EMPTY_BODY = YES;
				CLANG_WARN_ENUM_CONVERSION = YES;
				CLANG_WARN_INFINITE_RECURSION = YES;
				CLANG_WARN_INT_CONVERSION = YES;
				CLANG_WARN_NON_LITERAL_NULL_CONVERSION = YES;
				CLANG_WARN_OBJC_LITERAL_CONVERSION = YES;
				CLANG_WARN_OBJC_ROOT_CLASS = YES_ERROR;
				CLANG_WARN_RANGE_LOOP_ANALYSIS = YES;
				CLANG_WARN_STRICT_PROTOTYPES = YES;
				CLANG_WARN_SUSPICIOUS_MOVE = YES;
				CLANG_WARN_UNGUARDED_AVAILABILITY = YES_AGGRESSIVE;
				CLANG_WARN_UNREACHABLE_CODE = YES;
				CLANG_WARN__DUPLICATE_METHOD_MATCH = YES;
				CODE_SIGN_IDENTITY = "iPhone Developer";
				COPY_PHASE_STRIP = NO;
				DEBUG_INFORMATION_FORMAT = dwarf;
				ENABLE_STRICT_OBJC_MSGSEND = YES;
				ENABLE_TESTABILITY = YES;
				GCC_C_LANGUAGE_STANDARD = gnu11;
				GCC_DYNAMIC_NO_PIC = NO;
				GCC_NO_COMMON_BLOCKS = YES;
				GCC_OPTIMIZATION_LEVEL = 0;
				GCC_PREPROCESSOR_DEFINITIONS = (
					"DEBUG=1",
					"$(inherited)",
				);
				GCC_WARN_64_TO_32_BIT_CONVERSION = YES;
				GCC_WARN_ABOUT_RETURN_TYPE = YES_ERROR;
				GCC_WARN_UNDECLARED_SELECTOR = YES;
				GCC_WARN_UNINITIALIZED_AUTOS = YES_AGGRESSIVE;
				GCC_WARN_UNUSED_FUNCTION = YES;
				GCC_WARN_UNUSED_VARIABLE = YES;
				IPHONEOS_DEPLOYMENT_TARGET = 11.2;
				MTL_ENABLE_DEBUG_INFO = YES;
				ONLY_ACTIVE_ARCH = YES;
				SDKROOT = iphoneos;
				SWIFT_ACTIVE_COMPILATION_CONDITIONS = DEBUG;
				SWIFT_OPTIMIZATION_LEVEL = "-Onone";
			};
			name = Debug;
		};
		8D9EB15C1FD711BD0097A535 /* Release */ = {
			isa = XCBuildConfiguration;
			buildSettings = {
				ALWAYS_SEARCH_USER_PATHS = NO;
				CLANG_ANALYZER_NONNULL = YES;
				CLANG_ANALYZER_NUMBER_OBJECT_CONVERSION = YES_AGGRESSIVE;
				CLANG_CXX_LANGUAGE_STANDARD = "gnu++14";
				CLANG_CXX_LIBRARY = "libc++";
				CLANG_ENABLE_MODULES = YES;
				CLANG_ENABLE_OBJC_ARC = YES;
				CLANG_WARN_BLOCK_CAPTURE_AUTORELEASING = YES;
				CLANG_WARN_BOOL_CONVERSION = YES;
				CLANG_WARN_COMMA = YES;
				CLANG_WARN_CONSTANT_CONVERSION = YES;
				CLANG_WARN_DIRECT_OBJC_ISA_USAGE = YES_ERROR;
				CLANG_WARN_DOCUMENTATION_COMMENTS = YES;
				CLANG_WARN_EMPTY_BODY = YES;
				CLANG_WARN_ENUM_CONVERSION = YES;
				CLANG_WARN_INFINITE_RECURSION = YES;
				CLANG_WARN_INT_CONVERSION = YES;
				CLANG_WARN_NON_LITERAL_NULL_CONVERSION = YES;
				CLANG_WARN_OBJC_LITERAL_CONVERSION = YES;
				CLANG_WARN_OBJC_ROOT_CLASS = YES_ERROR;
				CLANG_WARN_RANGE_LOOP_ANALYSIS = YES;
				CLANG_WARN_STRICT_PROTOTYPES = YES;
				CLANG_WARN_SUSPICIOUS_MOVE = YES;
				CLANG_WARN_UNGUARDED_AVAILABILITY = YES_AGGRESSIVE;
				CLANG_WARN_UNREACHABLE_CODE = YES;
				CLANG_WARN__DUPLICATE_METHOD_MATCH = YES;
				CODE_SIGN_IDENTITY = "iPhone Developer";
				COPY_PHASE_STRIP = NO;
				DEBUG_INFORMATION_FORMAT = "dwarf-with-dsym";
				ENABLE_NS_ASSERTIONS = NO;
				ENABLE_STRICT_OBJC_MSGSEND = YES;
				GCC_C_LANGUAGE_STANDARD = gnu11;
				GCC_NO_COMMON_BLOCKS = YES;
				GCC_WARN_64_TO_32_BIT_CONVERSION = YES;
				GCC_WARN_ABOUT_RETURN_TYPE = YES_ERROR;
				GCC_WARN_UNDECLARED_SELECTOR = YES;
				GCC_WARN_UNINITIALIZED_AUTOS = YES_AGGRESSIVE;
				GCC_WARN_UNUSED_FUNCTION = YES;
				GCC_WARN_UNUSED_VARIABLE = YES;
				IPHONEOS_DEPLOYMENT_TARGET = 11.2;
				MTL_ENABLE_DEBUG_INFO = NO;
				SDKROOT = iphoneos;
				SWIFT_OPTIMIZATION_LEVEL = "-Owholemodule";
				VALIDATE_PRODUCT = YES;
			};
			name = Release;
		};
		8D9EB15E1FD711BD0097A535 /* Debug */ = {
			isa = XCBuildConfiguration;
			buildSettings = {
				ASSETCATALOG_COMPILER_APPICON_NAME = AppIcon;
				CODE_SIGN_STYLE = Automatic;
				INFOPLIST_FILE = Backgrounder/Info.plist;
				LD_RUNPATH_SEARCH_PATHS = "$(inherited) @executable_path/Frameworks";
				PRODUCT_BUNDLE_IDENTIFIER = com.agapovco.Backgrounder;
				PRODUCT_NAME = "$(TARGET_NAME)";
				SWIFT_VERSION = 4.0;
				TARGETED_DEVICE_FAMILY = "1,2";
			};
			name = Debug;
		};
		8D9EB15F1FD711BD0097A535 /* Release */ = {
			isa = XCBuildConfiguration;
			buildSettings = {
				ASSETCATALOG_COMPILER_APPICON_NAME = AppIcon;
				CODE_SIGN_STYLE = Automatic;
				INFOPLIST_FILE = Backgrounder/Info.plist;
				LD_RUNPATH_SEARCH_PATHS = "$(inherited) @executable_path/Frameworks";
				PRODUCT_BUNDLE_IDENTIFIER = com.agapovco.Backgrounder;
				PRODUCT_NAME = "$(TARGET_NAME)";
				SWIFT_VERSION = 4.0;
				TARGETED_DEVICE_FAMILY = "1,2";
			};
			name = Release;
		};
		8D9EB1611FD711BD0097A535 /* Debug */ = {
			isa = XCBuildConfiguration;
			buildSettings = {
				ALWAYS_EMBED_SWIFT_STANDARD_LIBRARIES = YES;
				BUNDLE_LOADER = "$(TEST_HOST)";
				CODE_SIGN_STYLE = Automatic;
				INFOPLIST_FILE = BackgrounderTests/Info.plist;
				LD_RUNPATH_SEARCH_PATHS = "$(inherited) @executable_path/Frameworks @loader_path/Frameworks";
				PRODUCT_BUNDLE_IDENTIFIER = com.agapovco.BackgrounderTests;
				PRODUCT_NAME = "$(TARGET_NAME)";
				SWIFT_VERSION = 4.0;
				TARGETED_DEVICE_FAMILY = "1,2";
				TEST_HOST = "$(BUILT_PRODUCTS_DIR)/Backgrounder.app/Backgrounder";
			};
			name = Debug;
		};
		8D9EB1621FD711BD0097A535 /* Release */ = {
			isa = XCBuildConfiguration;
			buildSettings = {
				ALWAYS_EMBED_SWIFT_STANDARD_LIBRARIES = YES;
				BUNDLE_LOADER = "$(TEST_HOST)";
				CODE_SIGN_STYLE = Automatic;
				INFOPLIST_FILE = BackgrounderTests/Info.plist;
				LD_RUNPATH_SEARCH_PATHS = "$(inherited) @executable_path/Frameworks @loader_path/Frameworks";
				PRODUCT_BUNDLE_IDENTIFIER = com.agapovco.BackgrounderTests;
				PRODUCT_NAME = "$(TARGET_NAME)";
				SWIFT_VERSION = 4.0;
				TARGETED_DEVICE_FAMILY = "1,2";
				TEST_HOST = "$(BUILT_PRODUCTS_DIR)/Backgrounder.app/Backgrounder";
			};
			name = Release;
		};
/* End XCBuildConfiguration section */

/* Begin XCConfigurationList section */
		8D9EB13B1FD711BD0097A535 /* Build configuration list for PBXProject "Backgrounder" */ = {
			isa = XCConfigurationList;
			buildConfigurations = (
				8D9EB15B1FD711BD0097A535 /* Debug */,
				8D9EB15C1FD711BD0097A535 /* Release */,
			);
			defaultConfigurationIsVisible = 0;
			defaultConfigurationName = Release;
		};
		8D9EB15D1FD711BD0097A535 /* Build configuration list for PBXNativeTarget "Backgrounder" */ = {
			isa = XCConfigurationList;
			buildConfigurations = (
				8D9EB15E1FD711BD0097A535 /* Debug */,
				8D9EB15F1FD711BD0097A535 /* Release */,
			);
			defaultConfigurationIsVisible = 0;
			defaultConfigurationName = Release;
		};
		8D9EB1601FD711BD0097A535 /* Build configuration list for PBXNativeTarget "BackgrounderTests" */ = {
			isa = XCConfigurationList;
			buildConfigurations = (
				8D9EB1611FD711BD0097A535 /* Debug */,
				8D9EB1621FD711BD0097A535 /* Release */,
			);
			defaultConfigurationIsVisible = 0;
			defaultConfigurationName = Release;
		};
/* End XCConfigurationList section */
	};
	rootObject = 8D9EB1381FD711BD0097A535 /* Project object */;
}
