// !$*UTF8*$!
{
	archiveVersion = 1;
	classes = {
	};
	objectVersion = 48;
	objects = {

/* Begin PBXBuildFile section */
		37452154207F32580097D202 /* DeepLink.swift in Sources */ = {isa = PBXBuildFile; fileRef = 37452153207F32580097D202 /* DeepLink.swift */; };
		37452159207F6A460097D202 /* UIImage+Extensions.swift in Sources */ = {isa = PBXBuildFile; fileRef = 37452158207F6A460097D202 /* UIImage+Extensions.swift */; };
		37BCBEF4207E170F0032FF60 /* Defaults.swift in Sources */ = {isa = PBXBuildFile; fileRef = 37BCBEF3207E170F0032FF60 /* Defaults.swift */; };
		8D2717FB1FDDCB0400F7769D /* PhotosNavigationController.swift in Sources */ = {isa = PBXBuildFile; fileRef = 8D2717FA1FDDCB0400F7769D /* PhotosNavigationController.swift */; };
		8D424C961FD87BE700B0F925 /* User.swift in Sources */ = {isa = PBXBuildFile; fileRef = 8D424C951FD87BE700B0F925 /* User.swift */; };
		8D424C981FD87BED00B0F925 /* Urls.swift in Sources */ = {isa = PBXBuildFile; fileRef = 8D424C971FD87BED00B0F925 /* Urls.swift */; };
		8D424C9A1FD87C0300B0F925 /* Urls+UI.swift in Sources */ = {isa = PBXBuildFile; fileRef = 8D424C991FD87C0300B0F925 /* Urls+UI.swift */; };
		8D513A2B1FE03F7E00286C2A /* PhotoViewModel.swift in Sources */ = {isa = PBXBuildFile; fileRef = 8D513A2A1FE03F7E00286C2A /* PhotoViewModel.swift */; };
		8D513A2D1FE0440500286C2A /* PhotoService.swift in Sources */ = {isa = PBXBuildFile; fileRef = 8D513A2C1FE0440500286C2A /* PhotoService.swift */; };
		8D513A2F1FE05B3600286C2A /* Schedulers.swift in Sources */ = {isa = PBXBuildFile; fileRef = 8D513A2E1FE05B3600286C2A /* Schedulers.swift */; };
		8D513A341FE1A05900286C2A /* themify.ttf in Resources */ = {isa = PBXBuildFile; fileRef = 8D513A331FE1A03700286C2A /* themify.ttf */; };
		8D513A361FE1C09600286C2A /* Fonts.swift in Sources */ = {isa = PBXBuildFile; fileRef = 8D513A351FE1C09600286C2A /* Fonts.swift */; };
		8D674882207E87F700DB073E /* WindowRouter.swift in Sources */ = {isa = PBXBuildFile; fileRef = 8D67487D207E87F700DB073E /* WindowRouter.swift */; };
		8D674883207E87F700DB073E /* Coordinator.swift in Sources */ = {isa = PBXBuildFile; fileRef = 8D67487E207E87F700DB073E /* Coordinator.swift */; };
		8D674884207E87F700DB073E /* Router.swift in Sources */ = {isa = PBXBuildFile; fileRef = 8D67487F207E87F700DB073E /* Router.swift */; };
		8D674885207E87F700DB073E /* Presentable.swift in Sources */ = {isa = PBXBuildFile; fileRef = 8D674880207E87F700DB073E /* Presentable.swift */; };
		8D674886207E87F700DB073E /* WindowCoordinator.swift in Sources */ = {isa = PBXBuildFile; fileRef = 8D674881207E87F700DB073E /* WindowCoordinator.swift */; };
		8D8AB3361FD71B7B005D7494 /* Unsplash.swift in Sources */ = {isa = PBXBuildFile; fileRef = 8D8AB3351FD71B7B005D7494 /* Unsplash.swift */; };
		8D8AB3381FD71D51005D7494 /* Configuration.swift in Sources */ = {isa = PBXBuildFile; fileRef = 8D8AB3371FD71D51005D7494 /* Configuration.swift */; };
		8D8AB33B1FD71FAD005D7494 /* Provider.swift in Sources */ = {isa = PBXBuildFile; fileRef = 8D8AB33A1FD71FAD005D7494 /* Provider.swift */; };
		8D8AB33E1FD72101005D7494 /* Photo.swift in Sources */ = {isa = PBXBuildFile; fileRef = 8D8AB33D1FD72101005D7494 /* Photo.swift */; };
		8D8AB3421FD728F8005D7494 /* PhotoCell.swift in Sources */ = {isa = PBXBuildFile; fileRef = 8D8AB3401FD728F8005D7494 /* PhotoCell.swift */; };
		8D8AB3431FD728F8005D7494 /* PhotoCell.xib in Resources */ = {isa = PBXBuildFile; fileRef = 8D8AB3411FD728F8005D7494 /* PhotoCell.xib */; };
		8D8AB3451FD734D2005D7494 /* PhotoCollectionView.swift in Sources */ = {isa = PBXBuildFile; fileRef = 8D8AB3441FD734D2005D7494 /* PhotoCollectionView.swift */; };
		8D9EB1441FD711BD0097A535 /* AppDelegate.swift in Sources */ = {isa = PBXBuildFile; fileRef = 8D9EB1431FD711BD0097A535 /* AppDelegate.swift */; };
		8D9EB1461FD711BD0097A535 /* PhotoListViewController.swift in Sources */ = {isa = PBXBuildFile; fileRef = 8D9EB1451FD711BD0097A535 /* PhotoListViewController.swift */; };
		8D9EB1491FD711BD0097A535 /* Main.storyboard in Resources */ = {isa = PBXBuildFile; fileRef = 8D9EB1471FD711BD0097A535 /* Main.storyboard */; };
		8D9EB14B1FD711BD0097A535 /* Assets.xcassets in Resources */ = {isa = PBXBuildFile; fileRef = 8D9EB14A1FD711BD0097A535 /* Assets.xcassets */; };
		8D9EB14E1FD711BD0097A535 /* LaunchScreen.storyboard in Resources */ = {isa = PBXBuildFile; fileRef = 8D9EB14C1FD711BD0097A535 /* LaunchScreen.storyboard */; };
		8D9EB1591FD711BD0097A535 /* BackgrounderTests.swift in Sources */ = {isa = PBXBuildFile; fileRef = 8D9EB1581FD711BD0097A535 /* BackgrounderTests.swift */; };
		8DBCE4731FE978FD0019BB17 /* Storyboards.swift in Sources */ = {isa = PBXBuildFile; fileRef = 8DBCE4721FE978FD0019BB17 /* Storyboards.swift */; };
		8DBCE4761FE97AE70019BB17 /* PhotoViewController.swift in Sources */ = {isa = PBXBuildFile; fileRef = 8DBCE4751FE97AE70019BB17 /* PhotoViewController.swift */; };
		8DBCE47E1FE98F7E0019BB17 /* PhotosCoordinator.swift in Sources */ = {isa = PBXBuildFile; fileRef = 8DBCE47D1FE98F7E0019BB17 /* PhotosCoordinator.swift */; };
		8DD3B72C207BE8F000E2ECFB /* AppCoordinator.swift in Sources */ = {isa = PBXBuildFile; fileRef = 8DD3B72B207BE8F000E2ECFB /* AppCoordinator.swift */; };
		8DDD6BFC1FDEFF05005C585E /* CollectionLayout.swift in Sources */ = {isa = PBXBuildFile; fileRef = 8DDD6BFB1FDEFF05005C585E /* CollectionLayout.swift */; };
		8DDD6BFE1FDEFF8C005C585E /* UtilsTest.swift in Sources */ = {isa = PBXBuildFile; fileRef = 8DDD6BFD1FDEFF8C005C585E /* UtilsTest.swift */; };
		8DDD6C001FDF0F02005C585E /* PhotoListViewModel.swift in Sources */ = {isa = PBXBuildFile; fileRef = 8DDD6BFF1FDF0F02005C585E /* PhotoListViewModel.swift */; };
		BBE0257CAC07E9DDEE818A56 /* Pods_BackgrounderTests.framework in Frameworks */ = {isa = PBXBuildFile; fileRef = 4865F5B5A319E04274791EE3 /* Pods_BackgrounderTests.framework */; };
		DCE24012B4E902DAAAB55255 /* Pods_Backgrounder.framework in Frameworks */ = {isa = PBXBuildFile; fileRef = B40DCE208DA8EE756C4819CA /* Pods_Backgrounder.framework */; };
/* End PBXBuildFile section */

/* Begin PBXContainerItemProxy section */
		8D9EB1551FD711BD0097A535 /* PBXContainerItemProxy */ = {
			isa = PBXContainerItemProxy;
			containerPortal = 8D9EB1381FD711BD0097A535 /* Project object */;
			proxyType = 1;
			remoteGlobalIDString = 8D9EB13F1FD711BD0097A535;
			remoteInfo = Backgrounder;
		};
/* End PBXContainerItemProxy section */

/* Begin PBXFileReference section */
		006754C39C9A5262079CB3E0 /* Pods-BackgrounderTests.debug.xcconfig */ = {isa = PBXFileReference; includeInIndex = 1; lastKnownFileType = text.xcconfig; name = "Pods-BackgrounderTests.debug.xcconfig"; path = "Pods/Target Support Files/Pods-BackgrounderTests/Pods-BackgrounderTests.debug.xcconfig"; sourceTree = "<group>"; };
		37452153207F32580097D202 /* DeepLink.swift */ = {isa = PBXFileReference; lastKnownFileType = sourcecode.swift; path = DeepLink.swift; sourceTree = "<group>"; };
		37452158207F6A460097D202 /* UIImage+Extensions.swift */ = {isa = PBXFileReference; lastKnownFileType = sourcecode.swift; path = "UIImage+Extensions.swift"; sourceTree = "<group>"; };
		37BCBEF3207E170F0032FF60 /* Defaults.swift */ = {isa = PBXFileReference; lastKnownFileType = sourcecode.swift; path = Defaults.swift; sourceTree = "<group>"; };
		4865F5B5A319E04274791EE3 /* Pods_BackgrounderTests.framework */ = {isa = PBXFileReference; explicitFileType = wrapper.framework; includeInIndex = 0; path = Pods_BackgrounderTests.framework; sourceTree = BUILT_PRODUCTS_DIR; };
		5E850FC5C999953D5F2A0A3E /* Pods-BackgrounderTests.release.xcconfig */ = {isa = PBXFileReference; includeInIndex = 1; lastKnownFileType = text.xcconfig; name = "Pods-BackgrounderTests.release.xcconfig"; path = "Pods/Target Support Files/Pods-BackgrounderTests/Pods-BackgrounderTests.release.xcconfig"; sourceTree = "<group>"; };
		8D2717FA1FDDCB0400F7769D /* PhotosNavigationController.swift */ = {isa = PBXFileReference; lastKnownFileType = sourcecode.swift; path = PhotosNavigationController.swift; sourceTree = "<group>"; };
		8D424C951FD87BE700B0F925 /* User.swift */ = {isa = PBXFileReference; lastKnownFileType = sourcecode.swift; path = User.swift; sourceTree = "<group>"; };
		8D424C971FD87BED00B0F925 /* Urls.swift */ = {isa = PBXFileReference; lastKnownFileType = sourcecode.swift; path = Urls.swift; sourceTree = "<group>"; };
		8D424C991FD87C0300B0F925 /* Urls+UI.swift */ = {isa = PBXFileReference; lastKnownFileType = sourcecode.swift; path = "Urls+UI.swift"; sourceTree = "<group>"; };
		8D513A2A1FE03F7E00286C2A /* PhotoViewModel.swift */ = {isa = PBXFileReference; lastKnownFileType = sourcecode.swift; path = PhotoViewModel.swift; sourceTree = "<group>"; };
		8D513A2C1FE0440500286C2A /* PhotoService.swift */ = {isa = PBXFileReference; lastKnownFileType = sourcecode.swift; path = PhotoService.swift; sourceTree = "<group>"; };
		8D513A2E1FE05B3600286C2A /* Schedulers.swift */ = {isa = PBXFileReference; lastKnownFileType = sourcecode.swift; path = Schedulers.swift; sourceTree = "<group>"; };
		8D513A331FE1A03700286C2A /* themify.ttf */ = {isa = PBXFileReference; lastKnownFileType = file; path = themify.ttf; sourceTree = "<group>"; };
		8D513A351FE1C09600286C2A /* Fonts.swift */ = {isa = PBXFileReference; lastKnownFileType = sourcecode.swift; path = Fonts.swift; sourceTree = "<group>"; };
		8D67487D207E87F700DB073E /* WindowRouter.swift */ = {isa = PBXFileReference; fileEncoding = 4; lastKnownFileType = sourcecode.swift; path = WindowRouter.swift; sourceTree = "<group>"; };
		8D67487E207E87F700DB073E /* Coordinator.swift */ = {isa = PBXFileReference; fileEncoding = 4; lastKnownFileType = sourcecode.swift; path = Coordinator.swift; sourceTree = "<group>"; };
		8D67487F207E87F700DB073E /* Router.swift */ = {isa = PBXFileReference; fileEncoding = 4; lastKnownFileType = sourcecode.swift; path = Router.swift; sourceTree = "<group>"; };
		8D674880207E87F700DB073E /* Presentable.swift */ = {isa = PBXFileReference; fileEncoding = 4; lastKnownFileType = sourcecode.swift; path = Presentable.swift; sourceTree = "<group>"; };
		8D674881207E87F700DB073E /* WindowCoordinator.swift */ = {isa = PBXFileReference; fileEncoding = 4; lastKnownFileType = sourcecode.swift; path = WindowCoordinator.swift; sourceTree = "<group>"; };
		8D8AB3351FD71B7B005D7494 /* Unsplash.swift */ = {isa = PBXFileReference; lastKnownFileType = sourcecode.swift; path = Unsplash.swift; sourceTree = "<group>"; };
		8D8AB3371FD71D51005D7494 /* Configuration.swift */ = {isa = PBXFileReference; lastKnownFileType = sourcecode.swift; path = Configuration.swift; sourceTree = "<group>"; };
		8D8AB33A1FD71FAD005D7494 /* Provider.swift */ = {isa = PBXFileReference; lastKnownFileType = sourcecode.swift; path = Provider.swift; sourceTree = "<group>"; };
		8D8AB33D1FD72101005D7494 /* Photo.swift */ = {isa = PBXFileReference; lastKnownFileType = sourcecode.swift; path = Photo.swift; sourceTree = "<group>"; };
		8D8AB3401FD728F8005D7494 /* PhotoCell.swift */ = {isa = PBXFileReference; lastKnownFileType = sourcecode.swift; path = PhotoCell.swift; sourceTree = "<group>"; };
		8D8AB3411FD728F8005D7494 /* PhotoCell.xib */ = {isa = PBXFileReference; lastKnownFileType = file.xib; path = PhotoCell.xib; sourceTree = "<group>"; };
		8D8AB3441FD734D2005D7494 /* PhotoCollectionView.swift */ = {isa = PBXFileReference; lastKnownFileType = sourcecode.swift; path = PhotoCollectionView.swift; sourceTree = "<group>"; };
		8D9EB1401FD711BD0097A535 /* Backgrounder.app */ = {isa = PBXFileReference; explicitFileType = wrapper.application; includeInIndex = 0; path = Backgrounder.app; sourceTree = BUILT_PRODUCTS_DIR; };
		8D9EB1431FD711BD0097A535 /* AppDelegate.swift */ = {isa = PBXFileReference; lastKnownFileType = sourcecode.swift; path = AppDelegate.swift; sourceTree = "<group>"; };
		8D9EB1451FD711BD0097A535 /* PhotoListViewController.swift */ = {isa = PBXFileReference; lastKnownFileType = sourcecode.swift; path = PhotoListViewController.swift; sourceTree = "<group>"; };
		8D9EB1481FD711BD0097A535 /* Base */ = {isa = PBXFileReference; lastKnownFileType = file.storyboard; name = Base; path = Base.lproj/Main.storyboard; sourceTree = "<group>"; };
		8D9EB14A1FD711BD0097A535 /* Assets.xcassets */ = {isa = PBXFileReference; lastKnownFileType = folder.assetcatalog; path = Assets.xcassets; sourceTree = "<group>"; };
		8D9EB14D1FD711BD0097A535 /* Base */ = {isa = PBXFileReference; lastKnownFileType = file.storyboard; name = Base; path = Base.lproj/LaunchScreen.storyboard; sourceTree = "<group>"; };
		8D9EB14F1FD711BD0097A535 /* Info.plist */ = {isa = PBXFileReference; lastKnownFileType = text.plist.xml; path = Info.plist; sourceTree = "<group>"; };
		8D9EB1541FD711BD0097A535 /* BackgrounderTests.xctest */ = {isa = PBXFileReference; explicitFileType = wrapper.cfbundle; includeInIndex = 0; path = BackgrounderTests.xctest; sourceTree = BUILT_PRODUCTS_DIR; };
		8D9EB1581FD711BD0097A535 /* BackgrounderTests.swift */ = {isa = PBXFileReference; lastKnownFileType = sourcecode.swift; path = BackgrounderTests.swift; sourceTree = "<group>"; };
		8D9EB15A1FD711BD0097A535 /* Info.plist */ = {isa = PBXFileReference; lastKnownFileType = text.plist.xml; path = Info.plist; sourceTree = "<group>"; };
		8DBCE4721FE978FD0019BB17 /* Storyboards.swift */ = {isa = PBXFileReference; lastKnownFileType = sourcecode.swift; path = Storyboards.swift; sourceTree = "<group>"; };
		8DBCE4751FE97AE70019BB17 /* PhotoViewController.swift */ = {isa = PBXFileReference; lastKnownFileType = sourcecode.swift; path = PhotoViewController.swift; sourceTree = "<group>"; };
		8DBCE47D1FE98F7E0019BB17 /* PhotosCoordinator.swift */ = {isa = PBXFileReference; lastKnownFileType = sourcecode.swift; path = PhotosCoordinator.swift; sourceTree = "<group>"; };
		8DD3B72B207BE8F000E2ECFB /* AppCoordinator.swift */ = {isa = PBXFileReference; fileEncoding = 4; indentWidth = 4; lastKnownFileType = sourcecode.swift; path = AppCoordinator.swift; sourceTree = "<group>"; tabWidth = 4; usesTabs = 0; };
		8DDD6BFB1FDEFF05005C585E /* CollectionLayout.swift */ = {isa = PBXFileReference; lastKnownFileType = sourcecode.swift; path = CollectionLayout.swift; sourceTree = "<group>"; };
		8DDD6BFD1FDEFF8C005C585E /* UtilsTest.swift */ = {isa = PBXFileReference; lastKnownFileType = sourcecode.swift; path = UtilsTest.swift; sourceTree = "<group>"; };
		8DDD6BFF1FDF0F02005C585E /* PhotoListViewModel.swift */ = {isa = PBXFileReference; lastKnownFileType = sourcecode.swift; path = PhotoListViewModel.swift; sourceTree = "<group>"; };
		B40DCE208DA8EE756C4819CA /* Pods_Backgrounder.framework */ = {isa = PBXFileReference; explicitFileType = wrapper.framework; includeInIndex = 0; path = Pods_Backgrounder.framework; sourceTree = BUILT_PRODUCTS_DIR; };
		CF8C914D846C9BD92793CAEE /* Pods-Backgrounder.debug.xcconfig */ = {isa = PBXFileReference; includeInIndex = 1; lastKnownFileType = text.xcconfig; name = "Pods-Backgrounder.debug.xcconfig"; path = "Pods/Target Support Files/Pods-Backgrounder/Pods-Backgrounder.debug.xcconfig"; sourceTree = "<group>"; };
		DA71E0BA91C48366332F1AB6 /* Pods-Backgrounder.release.xcconfig */ = {isa = PBXFileReference; includeInIndex = 1; lastKnownFileType = text.xcconfig; name = "Pods-Backgrounder.release.xcconfig"; path = "Pods/Target Support Files/Pods-Backgrounder/Pods-Backgrounder.release.xcconfig"; sourceTree = "<group>"; };
/* End PBXFileReference section */

/* Begin PBXFrameworksBuildPhase section */
		8D9EB13D1FD711BD0097A535 /* Frameworks */ = {
			isa = PBXFrameworksBuildPhase;
			buildActionMask = 2147483647;
			files = (
				DCE24012B4E902DAAAB55255 /* Pods_Backgrounder.framework in Frameworks */,
			);
			runOnlyForDeploymentPostprocessing = 0;
		};
		8D9EB1511FD711BD0097A535 /* Frameworks */ = {
			isa = PBXFrameworksBuildPhase;
			buildActionMask = 2147483647;
			files = (
				BBE0257CAC07E9DDEE818A56 /* Pods_BackgrounderTests.framework in Frameworks */,
			);
			runOnlyForDeploymentPostprocessing = 0;
		};
/* End PBXFrameworksBuildPhase section */

/* Begin PBXGroup section */
		04655AD1B802B7EC848D304D /* Pods */ = {
			isa = PBXGroup;
			children = (
				CF8C914D846C9BD92793CAEE /* Pods-Backgrounder.debug.xcconfig */,
				DA71E0BA91C48366332F1AB6 /* Pods-Backgrounder.release.xcconfig */,
				006754C39C9A5262079CB3E0 /* Pods-BackgrounderTests.debug.xcconfig */,
				5E850FC5C999953D5F2A0A3E /* Pods-BackgrounderTests.release.xcconfig */,
			);
			name = Pods;
			sourceTree = "<group>";
		};
		37452155207F49AD0097D202 /* Services */ = {
			isa = PBXGroup;
			children = (
			);
			path = Services;
			sourceTree = "<group>";
		};
		8D424C9B1FD87FF400B0F925 /* Photo */ = {
			isa = PBXGroup;
			children = (
				8D513A2A1FE03F7E00286C2A /* PhotoViewModel.swift */,
				8DBCE4751FE97AE70019BB17 /* PhotoViewController.swift */,
			);
			path = Photo;
			sourceTree = "<group>";
		};
		8D513A271FE03F5300286C2A /* UI */ = {
			isa = PBXGroup;
			children = (
				8DD3B72B207BE8F000E2ECFB /* AppCoordinator.swift */,
				37452153207F32580097D202 /* DeepLink.swift */,
				8D513A281FE03F5A00286C2A /* Photos */,
			);
			path = UI;
			sourceTree = "<group>";
		};
		8D513A281FE03F5A00286C2A /* Photos */ = {
			isa = PBXGroup;
			children = (
				8DBCE47D1FE98F7E0019BB17 /* PhotosCoordinator.swift */,
				8D8AB33F1FD728C3005D7494 /* List */,
				8D424C9B1FD87FF400B0F925 /* Photo */,
			);
			path = Photos;
			sourceTree = "<group>";
		};
		8D513A301FE197DD00286C2A /* Resources */ = {
			isa = PBXGroup;
			children = (
				8D513A311FE197E300286C2A /* Fonts */,
			);
			path = Resources;
			sourceTree = "<group>";
		};
		8D513A311FE197E300286C2A /* Fonts */ = {
			isa = PBXGroup;
			children = (
				8D513A331FE1A03700286C2A /* themify.ttf */,
			);
			path = Fonts;
			sourceTree = "<group>";
		};
		8D8AB3341FD71B6D005D7494 /* Networking */ = {
			isa = PBXGroup;
			children = (
				8D8AB3351FD71B7B005D7494 /* Unsplash.swift */,
				8D8AB33A1FD71FAD005D7494 /* Provider.swift */,
				8D513A2C1FE0440500286C2A /* PhotoService.swift */,
				8D513A2E1FE05B3600286C2A /* Schedulers.swift */,
			);
			path = Networking;
			sourceTree = "<group>";
		};
		8D8AB3391FD71D59005D7494 /* Supporting Files */ = {
			isa = PBXGroup;
			children = (
				8D9EB14C1FD711BD0097A535 /* LaunchScreen.storyboard */,
				8D9EB14F1FD711BD0097A535 /* Info.plist */,
				8D9EB14A1FD711BD0097A535 /* Assets.xcassets */,
			);
			path = "Supporting Files";
			sourceTree = "<group>";
		};
		8D8AB33C1FD720F8005D7494 /* Models */ = {
			isa = PBXGroup;
			children = (
				8D8AB33D1FD72101005D7494 /* Photo.swift */,
				8D424C951FD87BE700B0F925 /* User.swift */,
				8D424C971FD87BED00B0F925 /* Urls.swift */,
				8D424C991FD87C0300B0F925 /* Urls+UI.swift */,
			);
			path = Models;
			sourceTree = "<group>";
		};
		8D8AB33F1FD728C3005D7494 /* List */ = {
			isa = PBXGroup;
			children = (
				8D2717FA1FDDCB0400F7769D /* PhotosNavigationController.swift */,
				8D8AB3441FD734D2005D7494 /* PhotoCollectionView.swift */,
				8D8AB3401FD728F8005D7494 /* PhotoCell.swift */,
				8D8AB3411FD728F8005D7494 /* PhotoCell.xib */,
				8D9EB1451FD711BD0097A535 /* PhotoListViewController.swift */,
				8DDD6BFF1FDF0F02005C585E /* PhotoListViewModel.swift */,
			);
			path = List;
			sourceTree = "<group>";
		};
		8D9EB1371FD711BD0097A535 = {
			isa = PBXGroup;
			children = (
				8D9EB1421FD711BD0097A535 /* Backgrounder */,
				8D9EB1571FD711BD0097A535 /* BackgrounderTests */,
				8D9EB1411FD711BD0097A535 /* Products */,
				04655AD1B802B7EC848D304D /* Pods */,
				A84C5302A451BF3624910945 /* Frameworks */,
			);
			sourceTree = "<group>";
		};
		8D9EB1411FD711BD0097A535 /* Products */ = {
			isa = PBXGroup;
			children = (
				8D9EB1401FD711BD0097A535 /* Backgrounder.app */,
				8D9EB1541FD711BD0097A535 /* BackgrounderTests.xctest */,
			);
			name = Products;
			sourceTree = "<group>";
		};
		8D9EB1421FD711BD0097A535 /* Backgrounder */ = {
			isa = PBXGroup;
			children = (
				8D513A271FE03F5300286C2A /* UI */,
				8DD3B724207BE8C700E2ECFB /* Coordination */,
				37452155207F49AD0097D202 /* Services */,
				8DDD6BFA1FDEFECD005C585E /* Utils */,
				8D8AB3341FD71B6D005D7494 /* Networking */,
				8D8AB33C1FD720F8005D7494 /* Models */,
				8D8AB3371FD71D51005D7494 /* Configuration.swift */,
				8D9EB1431FD711BD0097A535 /* AppDelegate.swift */,
				8D9EB1471FD711BD0097A535 /* Main.storyboard */,
				8D513A301FE197DD00286C2A /* Resources */,
				8D8AB3391FD71D59005D7494 /* Supporting Files */,
			);
			path = Backgrounder;
			sourceTree = "<group>";
		};
		8D9EB1571FD711BD0097A535 /* BackgrounderTests */ = {
			isa = PBXGroup;
			children = (
				8D9EB1581FD711BD0097A535 /* BackgrounderTests.swift */,
				8DDD6BFD1FDEFF8C005C585E /* UtilsTest.swift */,
				8D9EB15A1FD711BD0097A535 /* Info.plist */,
			);
			path = BackgrounderTests;
			sourceTree = "<group>";
		};
		8DD3B724207BE8C700E2ECFB /* Coordination */ = {
			isa = PBXGroup;
			children = (
				8D67487E207E87F700DB073E /* Coordinator.swift */,
				8D674880207E87F700DB073E /* Presentable.swift */,
				8D67487F207E87F700DB073E /* Router.swift */,
				8D674881207E87F700DB073E /* WindowCoordinator.swift */,
				8D67487D207E87F700DB073E /* WindowRouter.swift */,
			);
			path = Coordination;
			sourceTree = "<group>";
		};
		8DDD6BFA1FDEFECD005C585E /* Utils */ = {
			isa = PBXGroup;
			children = (
				8DDD6BFB1FDEFF05005C585E /* CollectionLayout.swift */,
				8D513A351FE1C09600286C2A /* Fonts.swift */,
				8DBCE4721FE978FD0019BB17 /* Storyboards.swift */,
				37BCBEF3207E170F0032FF60 /* Defaults.swift */,
				37452158207F6A460097D202 /* UIImage+Extensions.swift */,
			);
			path = Utils;
			sourceTree = "<group>";
		};
		A84C5302A451BF3624910945 /* Frameworks */ = {
			isa = PBXGroup;
			children = (
				B40DCE208DA8EE756C4819CA /* Pods_Backgrounder.framework */,
				4865F5B5A319E04274791EE3 /* Pods_BackgrounderTests.framework */,
			);
			name = Frameworks;
			sourceTree = "<group>";
		};
/* End PBXGroup section */

/* Begin PBXNativeTarget section */
		8D9EB13F1FD711BD0097A535 /* Backgrounder */ = {
			isa = PBXNativeTarget;
			buildConfigurationList = 8D9EB15D1FD711BD0097A535 /* Build configuration list for PBXNativeTarget "Backgrounder" */;
			buildPhases = (
				42D7FB327BAF7CF6A00984FF /* [CP] Check Pods Manifest.lock */,
				8D9EB13C1FD711BD0097A535 /* Sources */,
				8D9EB13D1FD711BD0097A535 /* Frameworks */,
				8D9EB13E1FD711BD0097A535 /* Resources */,
				F92A41B4408E2556AAA92F03 /* [CP] Embed Pods Frameworks */,
				8DBCE4741FE97AC50019BB17 /* Swiftlint */,
			);
			buildRules = (
			);
			dependencies = (
			);
			name = Backgrounder;
			productName = Backgrounder;
			productReference = 8D9EB1401FD711BD0097A535 /* Backgrounder.app */;
			productType = "com.apple.product-type.application";
		};
		8D9EB1531FD711BD0097A535 /* BackgrounderTests */ = {
			isa = PBXNativeTarget;
			buildConfigurationList = 8D9EB1601FD711BD0097A535 /* Build configuration list for PBXNativeTarget "BackgrounderTests" */;
			buildPhases = (
				3797A04422FE22425CE921B5 /* [CP] Check Pods Manifest.lock */,
				8D9EB1501FD711BD0097A535 /* Sources */,
				8D9EB1511FD711BD0097A535 /* Frameworks */,
				8D9EB1521FD711BD0097A535 /* Resources */,
			);
			buildRules = (
			);
			dependencies = (
				8D9EB1561FD711BD0097A535 /* PBXTargetDependency */,
			);
			name = BackgrounderTests;
			productName = BackgrounderTests;
			productReference = 8D9EB1541FD711BD0097A535 /* BackgrounderTests.xctest */;
			productType = "com.apple.product-type.bundle.unit-test";
		};
/* End PBXNativeTarget section */

/* Begin PBXProject section */
		8D9EB1381FD711BD0097A535 /* Project object */ = {
			isa = PBXProject;
			attributes = {
				LastSwiftUpdateCheck = 0920;
				LastUpgradeCheck = 0930;
				ORGANIZATIONNAME = "Alex Agapov";
				TargetAttributes = {
					8D9EB13F1FD711BD0097A535 = {
						CreatedOnToolsVersion = 9.2;
						ProvisioningStyle = Automatic;
					};
					8D9EB1531FD711BD0097A535 = {
						CreatedOnToolsVersion = 9.2;
						ProvisioningStyle = Automatic;
						TestTargetID = 8D9EB13F1FD711BD0097A535;
					};
				};
			};
			buildConfigurationList = 8D9EB13B1FD711BD0097A535 /* Build configuration list for PBXProject "Backgrounder" */;
			compatibilityVersion = "Xcode 8.0";
			developmentRegion = en;
			hasScannedForEncodings = 0;
			knownRegions = (
				en,
				Base,
			);
			mainGroup = 8D9EB1371FD711BD0097A535;
			productRefGroup = 8D9EB1411FD711BD0097A535 /* Products */;
			projectDirPath = "";
			projectRoot = "";
			targets = (
				8D9EB13F1FD711BD0097A535 /* Backgrounder */,
				8D9EB1531FD711BD0097A535 /* BackgrounderTests */,
			);
		};
/* End PBXProject section */

/* Begin PBXResourcesBuildPhase section */
		8D9EB13E1FD711BD0097A535 /* Resources */ = {
			isa = PBXResourcesBuildPhase;
			buildActionMask = 2147483647;
			files = (
				8D513A341FE1A05900286C2A /* themify.ttf in Resources */,
				8D8AB3431FD728F8005D7494 /* PhotoCell.xib in Resources */,
				8D9EB14E1FD711BD0097A535 /* LaunchScreen.storyboard in Resources */,
				8D9EB14B1FD711BD0097A535 /* Assets.xcassets in Resources */,
				8D9EB1491FD711BD0097A535 /* Main.storyboard in Resources */,
			);
			runOnlyForDeploymentPostprocessing = 0;
		};
		8D9EB1521FD711BD0097A535 /* Resources */ = {
			isa = PBXResourcesBuildPhase;
			buildActionMask = 2147483647;
			files = (
			);
			runOnlyForDeploymentPostprocessing = 0;
		};
/* End PBXResourcesBuildPhase section */

/* Begin PBXShellScriptBuildPhase section */
		3797A04422FE22425CE921B5 /* [CP] Check Pods Manifest.lock */ = {
			isa = PBXShellScriptBuildPhase;
			buildActionMask = 2147483647;
			files = (
			);
			inputPaths = (
				"${PODS_PODFILE_DIR_PATH}/Podfile.lock",
				"${PODS_ROOT}/Manifest.lock",
			);
			name = "[CP] Check Pods Manifest.lock";
			outputPaths = (
				"$(DERIVED_FILE_DIR)/Pods-BackgrounderTests-checkManifestLockResult.txt",
			);
			runOnlyForDeploymentPostprocessing = 0;
			shellPath = /bin/sh;
			shellScript = "diff \"${PODS_PODFILE_DIR_PATH}/Podfile.lock\" \"${PODS_ROOT}/Manifest.lock\" > /dev/null\nif [ $? != 0 ] ; then\n    # print error to STDERR\n    echo \"error: The sandbox is not in sync with the Podfile.lock. Run 'pod install' or update your CocoaPods installation.\" >&2\n    exit 1\nfi\n# This output is used by Xcode 'outputs' to avoid re-running this script phase.\necho \"SUCCESS\" > \"${SCRIPT_OUTPUT_FILE_0}\"\n";
			showEnvVarsInLog = 0;
		};
		42D7FB327BAF7CF6A00984FF /* [CP] Check Pods Manifest.lock */ = {
			isa = PBXShellScriptBuildPhase;
			buildActionMask = 2147483647;
			files = (
			);
			inputPaths = (
				"${PODS_PODFILE_DIR_PATH}/Podfile.lock",
				"${PODS_ROOT}/Manifest.lock",
			);
			name = "[CP] Check Pods Manifest.lock";
			outputPaths = (
				"$(DERIVED_FILE_DIR)/Pods-Backgrounder-checkManifestLockResult.txt",
			);
			runOnlyForDeploymentPostprocessing = 0;
			shellPath = /bin/sh;
			shellScript = "diff \"${PODS_PODFILE_DIR_PATH}/Podfile.lock\" \"${PODS_ROOT}/Manifest.lock\" > /dev/null\nif [ $? != 0 ] ; then\n    # print error to STDERR\n    echo \"error: The sandbox is not in sync with the Podfile.lock. Run 'pod install' or update your CocoaPods installation.\" >&2\n    exit 1\nfi\n# This output is used by Xcode 'outputs' to avoid re-running this script phase.\necho \"SUCCESS\" > \"${SCRIPT_OUTPUT_FILE_0}\"\n";
			showEnvVarsInLog = 0;
		};
		8DBCE4741FE97AC50019BB17 /* Swiftlint */ = {
			isa = PBXShellScriptBuildPhase;
			buildActionMask = 2147483647;
			files = (
			);
			inputPaths = (
			);
			name = Swiftlint;
			outputPaths = (
			);
			runOnlyForDeploymentPostprocessing = 0;
			shellPath = /bin/sh;
			shellScript = "if which swiftlint >/dev/null; then\n    swiftlint\nelse\n    echo \"warning: SwiftLint not installed, download from https://github.com/realm/SwiftLint\"\nfi";
		};
		F92A41B4408E2556AAA92F03 /* [CP] Embed Pods Frameworks */ = {
			isa = PBXShellScriptBuildPhase;
			buildActionMask = 2147483647;
			files = (
			);
			inputPaths = (
				"${SRCROOT}/Pods/Target Support Files/Pods-Backgrounder/Pods-Backgrounder-frameworks.sh",
				"${BUILT_PRODUCTS_DIR}/Alamofire/Alamofire.framework",
				"${BUILT_PRODUCTS_DIR}/AlamofireNetworkActivityIndicator/AlamofireNetworkActivityIndicator.framework",
				"${BUILT_PRODUCTS_DIR}/DeepDiff/DeepDiff.framework",
				"${BUILT_PRODUCTS_DIR}/Kingfisher/Kingfisher.framework",
				"${BUILT_PRODUCTS_DIR}/Moya/Moya.framework",
				"${BUILT_PRODUCTS_DIR}/Result/Result.framework",
				"${BUILT_PRODUCTS_DIR}/Reusable/Reusable.framework",
				"${BUILT_PRODUCTS_DIR}/RxCocoa/RxCocoa.framework",
				"${BUILT_PRODUCTS_DIR}/RxSwift/RxSwift.framework",
				"${BUILT_PRODUCTS_DIR}/SwiftIconFont/SwiftIconFont.framework",
				"${BUILT_PRODUCTS_DIR}/SwiftMessages/SwiftMessages.framework",
			);
			name = "[CP] Embed Pods Frameworks";
			outputPaths = (
				"${TARGET_BUILD_DIR}/${FRAMEWORKS_FOLDER_PATH}/Alamofire.framework",
				"${TARGET_BUILD_DIR}/${FRAMEWORKS_FOLDER_PATH}/AlamofireNetworkActivityIndicator.framework",
				"${TARGET_BUILD_DIR}/${FRAMEWORKS_FOLDER_PATH}/DeepDiff.framework",
				"${TARGET_BUILD_DIR}/${FRAMEWORKS_FOLDER_PATH}/Kingfisher.framework",
				"${TARGET_BUILD_DIR}/${FRAMEWORKS_FOLDER_PATH}/Moya.framework",
				"${TARGET_BUILD_DIR}/${FRAMEWORKS_FOLDER_PATH}/Result.framework",
				"${TARGET_BUILD_DIR}/${FRAMEWORKS_FOLDER_PATH}/Reusable.framework",
				"${TARGET_BUILD_DIR}/${FRAMEWORKS_FOLDER_PATH}/RxCocoa.framework",
				"${TARGET_BUILD_DIR}/${FRAMEWORKS_FOLDER_PATH}/RxSwift.framework",
				"${TARGET_BUILD_DIR}/${FRAMEWORKS_FOLDER_PATH}/SwiftIconFont.framework",
				"${TARGET_BUILD_DIR}/${FRAMEWORKS_FOLDER_PATH}/SwiftMessages.framework",
			);
			runOnlyForDeploymentPostprocessing = 0;
			shellPath = /bin/sh;
			shellScript = "\"${SRCROOT}/Pods/Target Support Files/Pods-Backgrounder/Pods-Backgrounder-frameworks.sh\"\n";
			showEnvVarsInLog = 0;
		};
/* End PBXShellScriptBuildPhase section */

/* Begin PBXSourcesBuildPhase section */
		8D9EB13C1FD711BD0097A535 /* Sources */ = {
			isa = PBXSourcesBuildPhase;
			buildActionMask = 2147483647;
			files = (
				8D2717FB1FDDCB0400F7769D /* PhotosNavigationController.swift in Sources */,
				8D424C9A1FD87C0300B0F925 /* Urls+UI.swift in Sources */,
				8D674886207E87F700DB073E /* WindowCoordinator.swift in Sources */,
				8D8AB3421FD728F8005D7494 /* PhotoCell.swift in Sources */,
				8D8AB33E1FD72101005D7494 /* Photo.swift in Sources */,
				8D513A2B1FE03F7E00286C2A /* PhotoViewModel.swift in Sources */,
				8D8AB3361FD71B7B005D7494 /* Unsplash.swift in Sources */,
				8DDD6BFC1FDEFF05005C585E /* CollectionLayout.swift in Sources */,
				8DBCE4731FE978FD0019BB17 /* Storyboards.swift in Sources */,
				8D674885207E87F700DB073E /* Presentable.swift in Sources */,
				8D9EB1461FD711BD0097A535 /* PhotoListViewController.swift in Sources */,
				8DBCE4761FE97AE70019BB17 /* PhotoViewController.swift in Sources */,
				37452154207F32580097D202 /* DeepLink.swift in Sources */,
				8D513A2D1FE0440500286C2A /* PhotoService.swift in Sources */,
				8DD3B72C207BE8F000E2ECFB /* AppCoordinator.swift in Sources */,
				8D674884207E87F700DB073E /* Router.swift in Sources */,
				8DDD6C001FDF0F02005C585E /* PhotoListViewModel.swift in Sources */,
				8D8AB3381FD71D51005D7494 /* Configuration.swift in Sources */,
				8D424C961FD87BE700B0F925 /* User.swift in Sources */,
				8D8AB3451FD734D2005D7494 /* PhotoCollectionView.swift in Sources */,
				8D8AB33B1FD71FAD005D7494 /* Provider.swift in Sources */,
				8D513A2F1FE05B3600286C2A /* Schedulers.swift in Sources */,
				8D9EB1441FD711BD0097A535 /* AppDelegate.swift in Sources */,
				8D513A361FE1C09600286C2A /* Fonts.swift in Sources */,
				37BCBEF4207E170F0032FF60 /* Defaults.swift in Sources */,
				8DBCE47E1FE98F7E0019BB17 /* PhotosCoordinator.swift in Sources */,
				8D674883207E87F700DB073E /* Coordinator.swift in Sources */,
				37452159207F6A460097D202 /* UIImage+Extensions.swift in Sources */,
				8D674882207E87F700DB073E /* WindowRouter.swift in Sources */,
				8D424C981FD87BED00B0F925 /* Urls.swift in Sources */,
			);
			runOnlyForDeploymentPostprocessing = 0;
		};
		8D9EB1501FD711BD0097A535 /* Sources */ = {
			isa = PBXSourcesBuildPhase;
			buildActionMask = 2147483647;
			files = (
				8D9EB1591FD711BD0097A535 /* BackgrounderTests.swift in Sources */,
				8DDD6BFE1FDEFF8C005C585E /* UtilsTest.swift in Sources */,
			);
			runOnlyForDeploymentPostprocessing = 0;
		};
/* End PBXSourcesBuildPhase section */

/* Begin PBXTargetDependency section */
		8D9EB1561FD711BD0097A535 /* PBXTargetDependency */ = {
			isa = PBXTargetDependency;
			target = 8D9EB13F1FD711BD0097A535 /* Backgrounder */;
			targetProxy = 8D9EB1551FD711BD0097A535 /* PBXContainerItemProxy */;
		};
/* End PBXTargetDependency section */

/* Begin PBXVariantGroup section */
		8D9EB1471FD711BD0097A535 /* Main.storyboard */ = {
			isa = PBXVariantGroup;
			children = (
				8D9EB1481FD711BD0097A535 /* Base */,
			);
			name = Main.storyboard;
			sourceTree = "<group>";
		};
		8D9EB14C1FD711BD0097A535 /* LaunchScreen.storyboard */ = {
			isa = PBXVariantGroup;
			children = (
				8D9EB14D1FD711BD0097A535 /* Base */,
			);
			name = LaunchScreen.storyboard;
			sourceTree = "<group>";
		};
/* End PBXVariantGroup section */

/* Begin XCBuildConfiguration section */
		8D9EB15B1FD711BD0097A535 /* Debug */ = {
			isa = XCBuildConfiguration;
			buildSettings = {
				ALWAYS_SEARCH_USER_PATHS = NO;
				CLANG_ANALYZER_NONNULL = YES;
				CLANG_ANALYZER_NUMBER_OBJECT_CONVERSION = YES_AGGRESSIVE;
				CLANG_CXX_LANGUAGE_STANDARD = "gnu++14";
				CLANG_CXX_LIBRARY = "libc++";
				CLANG_ENABLE_MODULES = YES;
				CLANG_ENABLE_OBJC_ARC = YES;
				CLANG_WARN_BLOCK_CAPTURE_AUTORELEASING = YES;
				CLANG_WARN_BOOL_CONVERSION = YES;
				CLANG_WARN_COMMA = YES;
				CLANG_WARN_CONSTANT_CONVERSION = YES;
				CLANG_WARN_DEPRECATED_OBJC_IMPLEMENTATIONS = YES;
				CLANG_WARN_DIRECT_OBJC_ISA_USAGE = YES_ERROR;
				CLANG_WARN_DOCUMENTATION_COMMENTS = YES;
				CLANG_WARN_EMPTY_BODY = YES;
				CLANG_WARN_ENUM_CONVERSION = YES;
				CLANG_WARN_INFINITE_RECURSION = YES;
				CLANG_WARN_INT_CONVERSION = YES;
				CLANG_WARN_NON_LITERAL_NULL_CONVERSION = YES;
				CLANG_WARN_OBJC_IMPLICIT_RETAIN_SELF = YES;
				CLANG_WARN_OBJC_LITERAL_CONVERSION = YES;
				CLANG_WARN_OBJC_ROOT_CLASS = YES_ERROR;
				CLANG_WARN_RANGE_LOOP_ANALYSIS = YES;
				CLANG_WARN_STRICT_PROTOTYPES = YES;
				CLANG_WARN_SUSPICIOUS_MOVE = YES;
				CLANG_WARN_UNGUARDED_AVAILABILITY = YES_AGGRESSIVE;
				CLANG_WARN_UNREACHABLE_CODE = YES;
				CLANG_WARN__DUPLICATE_METHOD_MATCH = YES;
				CODE_SIGN_IDENTITY = "iPhone Developer";
				COPY_PHASE_STRIP = NO;
				DEBUG_INFORMATION_FORMAT = dwarf;
				ENABLE_STRICT_OBJC_MSGSEND = YES;
				ENABLE_TESTABILITY = YES;
				GCC_C_LANGUAGE_STANDARD = gnu11;
				GCC_DYNAMIC_NO_PIC = NO;
				GCC_NO_COMMON_BLOCKS = YES;
				GCC_OPTIMIZATION_LEVEL = 0;
				GCC_PREPROCESSOR_DEFINITIONS = (
					"DEBUG=1",
					"$(inherited)",
				);
				GCC_WARN_64_TO_32_BIT_CONVERSION = YES;
				GCC_WARN_ABOUT_RETURN_TYPE = YES_ERROR;
				GCC_WARN_UNDECLARED_SELECTOR = YES;
				GCC_WARN_UNINITIALIZED_AUTOS = YES_AGGRESSIVE;
				GCC_WARN_UNUSED_FUNCTION = YES;
				GCC_WARN_UNUSED_VARIABLE = YES;
				IPHONEOS_DEPLOYMENT_TARGET = 11.2;
				MTL_ENABLE_DEBUG_INFO = YES;
				ONLY_ACTIVE_ARCH = YES;
				SDKROOT = iphoneos;
				SWIFT_ACTIVE_COMPILATION_CONDITIONS = DEBUG;
				SWIFT_OPTIMIZATION_LEVEL = "-Onone";
			};
			name = Debug;
		};
		8D9EB15C1FD711BD0097A535 /* Release */ = {
			isa = XCBuildConfiguration;
			buildSettings = {
				ALWAYS_SEARCH_USER_PATHS = NO;
				CLANG_ANALYZER_NONNULL = YES;
				CLANG_ANALYZER_NUMBER_OBJECT_CONVERSION = YES_AGGRESSIVE;
				CLANG_CXX_LANGUAGE_STANDARD = "gnu++14";
				CLANG_CXX_LIBRARY = "libc++";
				CLANG_ENABLE_MODULES = YES;
				CLANG_ENABLE_OBJC_ARC = YES;
				CLANG_WARN_BLOCK_CAPTURE_AUTORELEASING = YES;
				CLANG_WARN_BOOL_CONVERSION = YES;
				CLANG_WARN_COMMA = YES;
				CLANG_WARN_CONSTANT_CONVERSION = YES;
				CLANG_WARN_DEPRECATED_OBJC_IMPLEMENTATIONS = YES;
				CLANG_WARN_DIRECT_OBJC_ISA_USAGE = YES_ERROR;
				CLANG_WARN_DOCUMENTATION_COMMENTS = YES;
				CLANG_WARN_EMPTY_BODY = YES;
				CLANG_WARN_ENUM_CONVERSION = YES;
				CLANG_WARN_INFINITE_RECURSION = YES;
				CLANG_WARN_INT_CONVERSION = YES;
				CLANG_WARN_NON_LITERAL_NULL_CONVERSION = YES;
				CLANG_WARN_OBJC_IMPLICIT_RETAIN_SELF = YES;
				CLANG_WARN_OBJC_LITERAL_CONVERSION = YES;
				CLANG_WARN_OBJC_ROOT_CLASS = YES_ERROR;
				CLANG_WARN_RANGE_LOOP_ANALYSIS = YES;
				CLANG_WARN_STRICT_PROTOTYPES = YES;
				CLANG_WARN_SUSPICIOUS_MOVE = YES;
				CLANG_WARN_UNGUARDED_AVAILABILITY = YES_AGGRESSIVE;
				CLANG_WARN_UNREACHABLE_CODE = YES;
				CLANG_WARN__DUPLICATE_METHOD_MATCH = YES;
				CODE_SIGN_IDENTITY = "iPhone Developer";
				COPY_PHASE_STRIP = NO;
				DEBUG_INFORMATION_FORMAT = "dwarf-with-dsym";
				ENABLE_NS_ASSERTIONS = NO;
				ENABLE_STRICT_OBJC_MSGSEND = YES;
				GCC_C_LANGUAGE_STANDARD = gnu11;
				GCC_NO_COMMON_BLOCKS = YES;
				GCC_WARN_64_TO_32_BIT_CONVERSION = YES;
				GCC_WARN_ABOUT_RETURN_TYPE = YES_ERROR;
				GCC_WARN_UNDECLARED_SELECTOR = YES;
				GCC_WARN_UNINITIALIZED_AUTOS = YES_AGGRESSIVE;
				GCC_WARN_UNUSED_FUNCTION = YES;
				GCC_WARN_UNUSED_VARIABLE = YES;
				IPHONEOS_DEPLOYMENT_TARGET = 11.2;
				MTL_ENABLE_DEBUG_INFO = NO;
				SDKROOT = iphoneos;
				SWIFT_OPTIMIZATION_LEVEL = "-Owholemodule";
				VALIDATE_PRODUCT = YES;
			};
			name = Release;
		};
		8D9EB15E1FD711BD0097A535 /* Debug */ = {
			isa = XCBuildConfiguration;
			baseConfigurationReference = CF8C914D846C9BD92793CAEE /* Pods-Backgrounder.debug.xcconfig */;
			buildSettings = {
				ASSETCATALOG_COMPILER_APPICON_NAME = AppIcon;
				CODE_SIGN_STYLE = Automatic;
				DEVELOPMENT_TEAM = 7J9NCU659T;
				INFOPLIST_FILE = "$(SRCROOT)/Backgrounder/Supporting Files/Info.plist";
				IPHONEOS_DEPLOYMENT_TARGET = 10.0;
				LD_RUNPATH_SEARCH_PATHS = "$(inherited) @executable_path/Frameworks";
				PRODUCT_BUNDLE_IDENTIFIER = com.agapovco.Backgrounder;
				PRODUCT_NAME = "$(TARGET_NAME)";
				SWIFT_VERSION = 4.0;
				TARGETED_DEVICE_FAMILY = "1,2";
			};
			name = Debug;
		};
		8D9EB15F1FD711BD0097A535 /* Release */ = {
			isa = XCBuildConfiguration;
			baseConfigurationReference = DA71E0BA91C48366332F1AB6 /* Pods-Backgrounder.release.xcconfig */;
			buildSettings = {
				ASSETCATALOG_COMPILER_APPICON_NAME = AppIcon;
				CODE_SIGN_STYLE = Automatic;
				DEVELOPMENT_TEAM = 7J9NCU659T;
				INFOPLIST_FILE = "$(SRCROOT)/Backgrounder/Supporting Files/Info.plist";
				IPHONEOS_DEPLOYMENT_TARGET = 10.0;
				LD_RUNPATH_SEARCH_PATHS = "$(inherited) @executable_path/Frameworks";
				PRODUCT_BUNDLE_IDENTIFIER = com.agapovco.Backgrounder;
				PRODUCT_NAME = "$(TARGET_NAME)";
				SWIFT_VERSION = 4.0;
				TARGETED_DEVICE_FAMILY = "1,2";
			};
			name = Release;
		};
		8D9EB1611FD711BD0097A535 /* Debug */ = {
			isa = XCBuildConfiguration;
			baseConfigurationReference = 006754C39C9A5262079CB3E0 /* Pods-BackgrounderTests.debug.xcconfig */;
			buildSettings = {
				ALWAYS_EMBED_SWIFT_STANDARD_LIBRARIES = YES;
				BUNDLE_LOADER = "$(TEST_HOST)";
				CODE_SIGN_STYLE = Automatic;
				INFOPLIST_FILE = BackgrounderTests/Info.plist;
				LD_RUNPATH_SEARCH_PATHS = "$(inherited) @executable_path/Frameworks @loader_path/Frameworks";
				PRODUCT_BUNDLE_IDENTIFIER = com.agapovco.BackgrounderTests;
				PRODUCT_NAME = "$(TARGET_NAME)";
				SWIFT_VERSION = 4.0;
				TARGETED_DEVICE_FAMILY = "1,2";
				TEST_HOST = "$(BUILT_PRODUCTS_DIR)/Backgrounder.app/Backgrounder";
			};
			name = Debug;
		};
		8D9EB1621FD711BD0097A535 /* Release */ = {
			isa = XCBuildConfiguration;
			baseConfigurationReference = 5E850FC5C999953D5F2A0A3E /* Pods-BackgrounderTests.release.xcconfig */;
			buildSettings = {
				ALWAYS_EMBED_SWIFT_STANDARD_LIBRARIES = YES;
				BUNDLE_LOADER = "$(TEST_HOST)";
				CODE_SIGN_STYLE = Automatic;
				INFOPLIST_FILE = BackgrounderTests/Info.plist;
				LD_RUNPATH_SEARCH_PATHS = "$(inherited) @executable_path/Frameworks @loader_path/Frameworks";
				PRODUCT_BUNDLE_IDENTIFIER = com.agapovco.BackgrounderTests;
				PRODUCT_NAME = "$(TARGET_NAME)";
				SWIFT_VERSION = 4.0;
				TARGETED_DEVICE_FAMILY = "1,2";
				TEST_HOST = "$(BUILT_PRODUCTS_DIR)/Backgrounder.app/Backgrounder";
			};
			name = Release;
		};
/* End XCBuildConfiguration section */

/* Begin XCConfigurationList section */
		8D9EB13B1FD711BD0097A535 /* Build configuration list for PBXProject "Backgrounder" */ = {
			isa = XCConfigurationList;
			buildConfigurations = (
				8D9EB15B1FD711BD0097A535 /* Debug */,
				8D9EB15C1FD711BD0097A535 /* Release */,
			);
			defaultConfigurationIsVisible = 0;
			defaultConfigurationName = Release;
		};
		8D9EB15D1FD711BD0097A535 /* Build configuration list for PBXNativeTarget "Backgrounder" */ = {
			isa = XCConfigurationList;
			buildConfigurations = (
				8D9EB15E1FD711BD0097A535 /* Debug */,
				8D9EB15F1FD711BD0097A535 /* Release */,
			);
			defaultConfigurationIsVisible = 0;
			defaultConfigurationName = Release;
		};
		8D9EB1601FD711BD0097A535 /* Build configuration list for PBXNativeTarget "BackgrounderTests" */ = {
			isa = XCConfigurationList;
			buildConfigurations = (
				8D9EB1611FD711BD0097A535 /* Debug */,
				8D9EB1621FD711BD0097A535 /* Release */,
			);
			defaultConfigurationIsVisible = 0;
			defaultConfigurationName = Release;
		};
/* End XCConfigurationList section */
	};
	rootObject = 8D9EB1381FD711BD0097A535 /* Project object */;
}
